
Microsoft Visual Studio Solution File, Format Version 12.00
# Visual Studio Version 16
VisualStudioVersion = 16.0.29905.134
MinimumVisualStudioVersion = 10.0.40219.1
Project("{9A19103F-16F7-4668-BE54-9A1E7A4F7556}") = "OZI_lab2_infocollector", "OZI_lab2_infocollector.csproj", "{7A49B984-11DB-4216-B912-18B487F5E165}"
EndProject
Global
	GlobalSection(SolutionConfigurationPlatforms) = preSolution
		Debug|Any CPU = Debug|Any CPU
		Release|Any CPU = Release|Any CPU
	EndGlobalSection
	GlobalSection(ProjectConfigurationPlatforms) = postSolution
		{7A49B984-11DB-4216-B912-18B487F5E165}.Debug|Any CPU.ActiveCfg = Debug|Any CPU
		{7A49B984-11DB-4216-B912-18B487F5E165}.Debug|Any CPU.Build.0 = Debug|Any CPU
		{7A49B984-11DB-4216-B912-18B487F5E165}.Release|Any CPU.ActiveCfg = Release|Any CPU
		{7A49B984-11DB-4216-B912-18B487F5E165}.Release|Any CPU.Build.0 = Release|Any CPU
	EndGlobalSection
	GlobalSection(SolutionProperties) = preSolution
		HideSolutionNode = FALSE
	EndGlobalSection
	GlobalSection(ExtensibilityGlobals) = postSolution
		SolutionGuid = {608CF9DE-1EB6-4BFC-BDBC-C42F396C31E0}
	EndGlobalSection
EndGlobal
